
Microsoft Visual Studio Solution File, Format Version 12.00
# Visual Studio Version 17
VisualStudioVersion = 17.8.34525.116
MinimumVisualStudioVersion = 10.0.40219.1
Project("{FAE04EC0-301F-11D3-BF4B-00C04F79EFBC}") = "ResearchOrm", "ResearchOrm\ResearchOrm.csproj", "{A75047B3-80C0-45A0-87DA-72BFD131A40C}"
EndProject
Global
	GlobalSection(SolutionConfigurationPlatforms) = preSolution
		Debug|Any CPU = Debug|Any CPU
		Release|Any CPU = Release|Any CPU
	EndGlobalSection
	GlobalSection(ProjectConfigurationPlatforms) = postSolution
		{A75047B3-80C0-45A0-87DA-72BFD131A40C}.Debug|Any CPU.ActiveCfg = Debug|Any CPU
		{A75047B3-80C0-45A0-87DA-72BFD131A40C}.Debug|Any CPU.Build.0 = Debug|Any CPU
		{A75047B3-80C0-45A0-87DA-72BFD131A40C}.Release|Any CPU.ActiveCfg = Release|Any CPU
		{A75047B3-80C0-45A0-87DA-72BFD131A40C}.Release|Any CPU.Build.0 = Release|Any CPU
	EndGlobalSection
	GlobalSection(SolutionProperties) = preSolution
		HideSolutionNode = FALSE
	EndGlobalSection
	GlobalSection(ExtensibilityGlobals) = postSolution
		SolutionGuid = {76B1CD90-092A-40A7-BD0C-B065DE5E111F}
	EndGlobalSection
EndGlobal
